
Microsoft Visual Studio Solution File, Format Version 12.00
# Visual Studio 14
VisualStudioVersion = 14.0.25420.1
MinimumVisualStudioVersion = 10.0.40219.1
Project("{FAE04EC0-301F-11D3-BF4B-00C04F79EFBC}") = "InventoryBoxFarmacy", "InventoryBoxFarmacy\InventoryBoxFarmacy.csproj", "{C49F7695-50D7-4ED4-B1C1-F1D8C13B94B6}"
EndProject
Project("{FAE04EC0-301F-11D3-BF4B-00C04F79EFBC}") = "Entidad", "Entidad\Entidad.csproj", "{23A8505C-8432-4FCB-84C6-B94C647EB9D7}"
EndProject
Project("{FAE04EC0-301F-11D3-BF4B-00C04F79EFBC}") = "Logica", "Logica\Logica.csproj", "{4A7306CE-FB76-4EAA-B454-8DE2955A4FC2}"
EndProject
Project("{FAE04EC0-301F-11D3-BF4B-00C04F79EFBC}") = "Acceso", "Acceso\Acceso.csproj", "{7E13EFAD-2F99-46F7-AD0E-7EE67B8DF1FA}"
EndProject
Project("{2150E333-8FDC-42A3-9474-1A3956D46DE8}") = "Clases", "Clases", "{45E84A96-8A76-446A-AC9C-5B12897D897A}"
EndProject
Global
	GlobalSection(SolutionConfigurationPlatforms) = preSolution
		Debug|Any CPU = Debug|Any CPU
		Release|Any CPU = Release|Any CPU
	EndGlobalSection
	GlobalSection(ProjectConfigurationPlatforms) = postSolution
		{C49F7695-50D7-4ED4-B1C1-F1D8C13B94B6}.Debug|Any CPU.ActiveCfg = Debug|Any CPU
		{C49F7695-50D7-4ED4-B1C1-F1D8C13B94B6}.Debug|Any CPU.Build.0 = Debug|Any CPU
		{C49F7695-50D7-4ED4-B1C1-F1D8C13B94B6}.Release|Any CPU.ActiveCfg = Release|Any CPU
		{C49F7695-50D7-4ED4-B1C1-F1D8C13B94B6}.Release|Any CPU.Build.0 = Release|Any CPU
		{23A8505C-8432-4FCB-84C6-B94C647EB9D7}.Debug|Any CPU.ActiveCfg = Debug|Any CPU
		{23A8505C-8432-4FCB-84C6-B94C647EB9D7}.Debug|Any CPU.Build.0 = Debug|Any CPU
		{23A8505C-8432-4FCB-84C6-B94C647EB9D7}.Release|Any CPU.ActiveCfg = Release|Any CPU
		{23A8505C-8432-4FCB-84C6-B94C647EB9D7}.Release|Any CPU.Build.0 = Release|Any CPU
		{4A7306CE-FB76-4EAA-B454-8DE2955A4FC2}.Debug|Any CPU.ActiveCfg = Debug|Any CPU
		{4A7306CE-FB76-4EAA-B454-8DE2955A4FC2}.Debug|Any CPU.Build.0 = Debug|Any CPU
		{4A7306CE-FB76-4EAA-B454-8DE2955A4FC2}.Release|Any CPU.ActiveCfg = Release|Any CPU
		{4A7306CE-FB76-4EAA-B454-8DE2955A4FC2}.Release|Any CPU.Build.0 = Release|Any CPU
		{7E13EFAD-2F99-46F7-AD0E-7EE67B8DF1FA}.Debug|Any CPU.ActiveCfg = Debug|Any CPU
		{7E13EFAD-2F99-46F7-AD0E-7EE67B8DF1FA}.Debug|Any CPU.Build.0 = Debug|Any CPU
		{7E13EFAD-2F99-46F7-AD0E-7EE67B8DF1FA}.Release|Any CPU.ActiveCfg = Release|Any CPU
		{7E13EFAD-2F99-46F7-AD0E-7EE67B8DF1FA}.Release|Any CPU.Build.0 = Release|Any CPU
	EndGlobalSection
	GlobalSection(SolutionProperties) = preSolution
		HideSolutionNode = FALSE
	EndGlobalSection
	GlobalSection(NestedProjects) = preSolution
		{23A8505C-8432-4FCB-84C6-B94C647EB9D7} = {45E84A96-8A76-446A-AC9C-5B12897D897A}
		{4A7306CE-FB76-4EAA-B454-8DE2955A4FC2} = {45E84A96-8A76-446A-AC9C-5B12897D897A}
		{7E13EFAD-2F99-46F7-AD0E-7EE67B8DF1FA} = {45E84A96-8A76-446A-AC9C-5B12897D897A}
	EndGlobalSection
EndGlobal
